{
  "name": "open-links",
  "version": "1.0.6",
  "lockfileVersion": 1,
  "requires": true,
  "dependencies": {
    "@types/firefox-webext-browser": {
      "version": "78.0.0",
      "resolved": "https://registry.npmjs.org/@types/firefox-webext-browser/-/firefox-webext-browser-78.0.0.tgz",
      "integrity": "sha512-ExCtjncdA1ITEjEitvtjGcXslGPA/ZMxOxzMGfpLHZ6ZJAAx6itQi+ZEctgPFN6uPW4lSJalSsEC+lAz0Wkz9A==",
      "dev": true
    }
  }
}
